
Microsoft Visual Studio Solution File, Format Version 12.00
# Visual Studio Version 17
VisualStudioVersion = 17.13.35825.156 d17.13
MinimumVisualStudioVersion = 10.0.40219.1
Project("{FAE04EC0-301F-11D3-BF4B-00C04F79EFBC}") = "RestAPI_RG", "RestAPI_RG\RestAPI_RG.csproj", "{6F8F8DF8-FF47-49B0-A4A2-F0EB6AA40EE4}"
EndProject
Global
	GlobalSection(SolutionConfigurationPlatforms) = preSolution
		Debug|Any CPU = Debug|Any CPU
		Release|Any CPU = Release|Any CPU
	EndGlobalSection
	GlobalSection(ProjectConfigurationPlatforms) = postSolution
		{6F8F8DF8-FF47-49B0-A4A2-F0EB6AA40EE4}.Debug|Any CPU.ActiveCfg = Debug|Any CPU
		{6F8F8DF8-FF47-49B0-A4A2-F0EB6AA40EE4}.Debug|Any CPU.Build.0 = Debug|Any CPU
		{6F8F8DF8-FF47-49B0-A4A2-F0EB6AA40EE4}.Release|Any CPU.ActiveCfg = Release|Any CPU
		{6F8F8DF8-FF47-49B0-A4A2-F0EB6AA40EE4}.Release|Any CPU.Build.0 = Release|Any CPU
	EndGlobalSection
	GlobalSection(SolutionProperties) = preSolution
		HideSolutionNode = FALSE
	EndGlobalSection
	GlobalSection(ExtensibilityGlobals) = postSolution
		SolutionGuid = {BDC154A7-491E-482C-8C7A-E4195A56BA87}
	EndGlobalSection
EndGlobal
